
Microsoft Visual Studio Solution File, Format Version 12.00
# Visual Studio Version 16
VisualStudioVersion = 16.0.30517.126
MinimumVisualStudioVersion = 10.0.40219.1
Project("{FAE04EC0-301F-11D3-BF4B-00C04F79EFBC}") = "GoogleInterviewAirport", "GoogleInterviewAirport\GoogleInterviewAirport.csproj", "{7295EDEF-66DC-4D33-81BD-03C825944E18}"
EndProject
Project("{FAE04EC0-301F-11D3-BF4B-00C04F79EFBC}") = "UnitTestAirPort", "UnitTestAirPort\UnitTestAirPort.csproj", "{0A8922E4-A18C-4D17-A54C-131B04841EED}"
EndProject
Global
	GlobalSection(SolutionConfigurationPlatforms) = preSolution
		Debug|Any CPU = Debug|Any CPU
		Release|Any CPU = Release|Any CPU
	EndGlobalSection
	GlobalSection(ProjectConfigurationPlatforms) = postSolution
		{7295EDEF-66DC-4D33-81BD-03C825944E18}.Debug|Any CPU.ActiveCfg = Debug|Any CPU
		{7295EDEF-66DC-4D33-81BD-03C825944E18}.Debug|Any CPU.Build.0 = Debug|Any CPU
		{7295EDEF-66DC-4D33-81BD-03C825944E18}.Release|Any CPU.ActiveCfg = Release|Any CPU
		{7295EDEF-66DC-4D33-81BD-03C825944E18}.Release|Any CPU.Build.0 = Release|Any CPU
		{0A8922E4-A18C-4D17-A54C-131B04841EED}.Debug|Any CPU.ActiveCfg = Debug|Any CPU
		{0A8922E4-A18C-4D17-A54C-131B04841EED}.Debug|Any CPU.Build.0 = Debug|Any CPU
		{0A8922E4-A18C-4D17-A54C-131B04841EED}.Release|Any CPU.ActiveCfg = Release|Any CPU
		{0A8922E4-A18C-4D17-A54C-131B04841EED}.Release|Any CPU.Build.0 = Release|Any CPU
	EndGlobalSection
	GlobalSection(SolutionProperties) = preSolution
		HideSolutionNode = FALSE
	EndGlobalSection
	GlobalSection(ExtensibilityGlobals) = postSolution
		SolutionGuid = {C0A2B6C0-19A3-4874-8D3E-B43EFE385391}
	EndGlobalSection
EndGlobal
